// !$*UTF8*$!
{
	archiveVersion = 1;
	classes = {
	};
	objectVersion = 55;
	objects = {

/* Begin PBXBuildFile section */
		50B61A7F2878796B0030CC83 /* PhantomConnectExampleApp.swift in Sources */ = {isa = PBXBuildFile; fileRef = 50B61A7E2878796B0030CC83 /* PhantomConnectExampleApp.swift */; };
		50B61A812878796B0030CC83 /* ContentView.swift in Sources */ = {isa = PBXBuildFile; fileRef = 50B61A802878796B0030CC83 /* ContentView.swift */; };
		50B61A832878796C0030CC83 /* Assets.xcassets in Resources */ = {isa = PBXBuildFile; fileRef = 50B61A822878796C0030CC83 /* Assets.xcassets */; };
		50B61A862878796C0030CC83 /* Preview Assets.xcassets in Resources */ = {isa = PBXBuildFile; fileRef = 50B61A852878796C0030CC83 /* Preview Assets.xcassets */; };
		50B61A9428787AB60030CC83 /* PhantomConnect in Frameworks */ = {isa = PBXBuildFile; productRef = 50B61A9328787AB60030CC83 /* PhantomConnect */; };
/* End PBXBuildFile section */

/* Begin PBXFileReference section */
		50B61A7B2878796B0030CC83 /* PhantomConnectExample.app */ = {isa = PBXFileReference; explicitFileType = wrapper.application; includeInIndex = 0; path = PhantomConnectExample.app; sourceTree = BUILT_PRODUCTS_DIR; };
		50B61A7E2878796B0030CC83 /* PhantomConnectExampleApp.swift */ = {isa = PBXFileReference; lastKnownFileType = sourcecode.swift; path = PhantomConnectExampleApp.swift; sourceTree = "<group>"; };
		50B61A802878796B0030CC83 /* ContentView.swift */ = {isa = PBXFileReference; lastKnownFileType = sourcecode.swift; path = ContentView.swift; sourceTree = "<group>"; };
		50B61A822878796C0030CC83 /* Assets.xcassets */ = {isa = PBXFileReference; lastKnownFileType = folder.assetcatalog; path = Assets.xcassets; sourceTree = "<group>"; };
		50B61A852878796C0030CC83 /* Preview Assets.xcassets */ = {isa = PBXFileReference; lastKnownFileType = folder.assetcatalog; path = "Preview Assets.xcassets"; sourceTree = "<group>"; };
		50B61A8F28787A130030CC83 /* phantom-connect */ = {isa = PBXFileReference; lastKnownFileType = wrapper; name = "phantom-connect"; path = ..; sourceTree = "<group>"; };
		50B61A9528787C890030CC83 /* Info.plist */ = {isa = PBXFileReference; lastKnownFileType = text.plist; path = Info.plist; sourceTree = "<group>"; };
/* End PBXFileReference section */

/* Begin PBXFrameworksBuildPhase section */
		50B61A782878796B0030CC83 /* Frameworks */ = {
			isa = PBXFrameworksBuildPhase;
			buildActionMask = 2147483647;
			files = (
				50B61A9428787AB60030CC83 /* PhantomConnect in Frameworks */,
			);
			runOnlyForDeploymentPostprocessing = 0;
		};
/* End PBXFrameworksBuildPhase section */

/* Begin PBXGroup section */
		50B61A722878796B0030CC83 = {
			isa = PBXGroup;
			children = (
				50B61A8E28787A130030CC83 /* Packages */,
				50B61A7D2878796B0030CC83 /* PhantomConnectExample */,
				50B61A7C2878796B0030CC83 /* Products */,
				50B61A9228787AB60030CC83 /* Frameworks */,
			);
			sourceTree = "<group>";
		};
		50B61A7C2878796B0030CC83 /* Products */ = {
			isa = PBXGroup;
			children = (
				50B61A7B2878796B0030CC83 /* PhantomConnectExample.app */,
			);
			name = Products;
			sourceTree = "<group>";
		};
		50B61A7D2878796B0030CC83 /* PhantomConnectExample */ = {
			isa = PBXGroup;
			children = (
				50B61A9528787C890030CC83 /* Info.plist */,
				50B61A7E2878796B0030CC83 /* PhantomConnectExampleApp.swift */,
				50B61A802878796B0030CC83 /* ContentView.swift */,
				50B61A822878796C0030CC83 /* Assets.xcassets */,
				50B61A842878796C0030CC83 /* Preview Content */,
			);
			path = PhantomConnectExample;
			sourceTree = "<group>";
		};
		50B61A842878796C0030CC83 /* Preview Content */ = {
			isa = PBXGroup;
			children = (
				50B61A852878796C0030CC83 /* Preview Assets.xcassets */,
			);
			path = "Preview Content";
			sourceTree = "<group>";
		};
		50B61A8E28787A130030CC83 /* Packages */ = {
			isa = PBXGroup;
			children = (
				50B61A8F28787A130030CC83 /* phantom-connect */,
			);
			name = Packages;
			sourceTree = "<group>";
		};
		50B61A9228787AB60030CC83 /* Frameworks */ = {
			isa = PBXGroup;
			children = (
			);
			name = Frameworks;
			sourceTree = "<group>";
		};
/* End PBXGroup section */

/* Begin PBXNativeTarget section */
		50B61A7A2878796B0030CC83 /* PhantomConnectExample */ = {
			isa = PBXNativeTarget;
			buildConfigurationList = 50B61A892878796C0030CC83 /* Build configuration list for PBXNativeTarget "PhantomConnectExample" */;
			buildPhases = (
				50B61A772878796B0030CC83 /* Sources */,
				50B61A782878796B0030CC83 /* Frameworks */,
				50B61A792878796B0030CC83 /* Resources */,
			);
			buildRules = (
			);
			dependencies = (
				50B61A9128787AAD0030CC83 /* PBXTargetDependency */,
			);
			name = PhantomConnectExample;
			packageProductDependencies = (
				50B61A9328787AB60030CC83 /* PhantomConnect */,
			);
			productName = PhantomConnectExample;
			productReference = 50B61A7B2878796B0030CC83 /* PhantomConnectExample.app */;
			productType = "com.apple.product-type.application";
		};
/* End PBXNativeTarget section */

/* Begin PBXProject section */
		50B61A732878796B0030CC83 /* Project object */ = {
			isa = PBXProject;
			attributes = {
				BuildIndependentTargetsInParallel = 1;
				LastSwiftUpdateCheck = 1340;
				LastUpgradeCheck = 1340;
				TargetAttributes = {
					50B61A7A2878796B0030CC83 = {
						CreatedOnToolsVersion = 13.4.1;
					};
				};
			};
			buildConfigurationList = 50B61A762878796B0030CC83 /* Build configuration list for PBXProject "PhantomConnectExample" */;
			compatibilityVersion = "Xcode 13.0";
			developmentRegion = en;
			hasScannedForEncodings = 0;
			knownRegions = (
				en,
				Base,
			);
			mainGroup = 50B61A722878796B0030CC83;
			productRefGroup = 50B61A7C2878796B0030CC83 /* Products */;
			projectDirPath = "";
			projectRoot = "";
			targets = (
				50B61A7A2878796B0030CC83 /* PhantomConnectExample */,
			);
		};
/* End PBXProject section */

/* Begin PBXResourcesBuildPhase section */
		50B61A792878796B0030CC83 /* Resources */ = {
			isa = PBXResourcesBuildPhase;
			buildActionMask = 2147483647;
			files = (
				50B61A862878796C0030CC83 /* Preview Assets.xcassets in Resources */,
				50B61A832878796C0030CC83 /* Assets.xcassets in Resources */,
			);
			runOnlyForDeploymentPostprocessing = 0;
		};
/* End PBXResourcesBuildPhase section */

/* Begin PBXSourcesBuildPhase section */
		50B61A772878796B0030CC83 /* Sources */ = {
			isa = PBXSourcesBuildPhase;
			buildActionMask = 2147483647;
			files = (
				50B61A812878796B0030CC83 /* ContentView.swift in Sources */,
				50B61A7F2878796B0030CC83 /* PhantomConnectExampleApp.swift in Sources */,
			);
			runOnlyForDeploymentPostprocessing = 0;
		};
/* End PBXSourcesBuildPhase section */

/* Begin PBXTargetDependency section */
		50B61A9128787AAD0030CC83 /* PBXTargetDependency */ = {
			isa = PBXTargetDependency;
			productRef = 50B61A9028787AAD0030CC83 /* PhantomConnect */;
		};
/* End PBXTargetDependency section */

/* Begin XCBuildConfiguration section */
		50B61A872878796C0030CC83 /* Debug */ = {
			isa = XCBuildConfiguration;
			buildSettings = {
				ALWAYS_SEARCH_USER_PATHS = NO;
				CLANG_ANALYZER_NONNULL = YES;
				CLANG_ANALYZER_NUMBER_OBJECT_CONVERSION = YES_AGGRESSIVE;
				CLANG_CXX_LANGUAGE_STANDARD = "gnu++17";
				CLANG_ENABLE_MODULES = YES;
				CLANG_ENABLE_OBJC_ARC = YES;
				CLANG_ENABLE_OBJC_WEAK = YES;
				CLANG_WARN_BLOCK_CAPTURE_AUTORELEASING = YES;
				CLANG_WARN_BOOL_CONVERSION = YES;
				CLANG_WARN_COMMA = YES;
				CLANG_WARN_CONSTANT_CONVERSION = YES;
				CLANG_WARN_DEPRECATED_OBJC_IMPLEMENTATIONS = YES;
				CLANG_WARN_DIRECT_OBJC_ISA_USAGE = YES_ERROR;
				CLANG_WARN_DOCUMENTATION_COMMENTS = YES;
				CLANG_WARN_EMPTY_BODY = YES;
				CLANG_WARN_ENUM_CONVERSION = YES;
				CLANG_WARN_INFINITE_RECURSION = YES;
				CLANG_WARN_INT_CONVERSION = YES;
				CLANG_WARN_NON_LITERAL_NULL_CONVERSION = YES;
				CLANG_WARN_OBJC_IMPLICIT_RETAIN_SELF = YES;
				CLANG_WARN_OBJC_LITERAL_CONVERSION = YES;
				CLANG_WARN_OBJC_ROOT_CLASS = YES_ERROR;
				CLANG_WARN_QUOTED_INCLUDE_IN_FRAMEWORK_HEADER = YES;
				CLANG_WARN_RANGE_LOOP_ANALYSIS = YES;
				CLANG_WARN_STRICT_PROTOTYPES = YES;
				CLANG_WARN_SUSPICIOUS_MOVE = YES;
				CLANG_WARN_UNGUARDED_AVAILABILITY = YES_AGGRESSIVE;
				CLANG_WARN_UNREACHABLE_CODE = YES;
				CLANG_WARN__DUPLICATE_METHOD_MATCH = YES;
				COPY_PHASE_STRIP = NO;
				DEBUG_INFORMATION_FORMAT = dwarf;
				ENABLE_STRICT_OBJC_MSGSEND = YES;
				ENABLE_TESTABILITY = YES;
				GCC_C_LANGUAGE_STANDARD = gnu11;
				GCC_DYNAMIC_NO_PIC = NO;
				GCC_NO_COMMON_BLOCKS = YES;
				GCC_OPTIMIZATION_LEVEL = 0;
				GCC_PREPROCESSOR_DEFINITIONS = (
					"DEBUG=1",
					"$(inherited)",
				);
				GCC_WARN_64_TO_32_BIT_CONVERSION = YES;
				GCC_WARN_ABOUT_RETURN_TYPE = YES_ERROR;
				GCC_WARN_UNDECLARED_SELECTOR = YES;
				GCC_WARN_UNINITIALIZED_AUTOS = YES_AGGRESSIVE;
				GCC_WARN_UNUSED_FUNCTION = YES;
				GCC_WARN_UNUSED_VARIABLE = YES;
				IPHONEOS_DEPLOYMENT_TARGET = 15.5;
				MTL_ENABLE_DEBUG_INFO = INCLUDE_SOURCE;
				MTL_FAST_MATH = YES;
				ONLY_ACTIVE_ARCH = YES;
				SDKROOT = iphoneos;
				SWIFT_ACTIVE_COMPILATION_CONDITIONS = DEBUG;
				SWIFT_OPTIMIZATION_LEVEL = "-Onone";
			};
			name = Debug;
		};
		50B61A882878796C0030CC83 /* Release */ = {
			isa = XCBuildConfiguration;
			buildSettings = {
				ALWAYS_SEARCH_USER_PATHS = NO;
				CLANG_ANALYZER_NONNULL = YES;
				CLANG_ANALYZER_NUMBER_OBJECT_CONVERSION = YES_AGGRESSIVE;
				CLANG_CXX_LANGUAGE_STANDARD = "gnu++17";
				CLANG_ENABLE_MODULES = YES;
				CLANG_ENABLE_OBJC_ARC = YES;
				CLANG_ENABLE_OBJC_WEAK = YES;
				CLANG_WARN_BLOCK_CAPTURE_AUTORELEASING = YES;
				CLANG_WARN_BOOL_CONVERSION = YES;
				CLANG_WARN_COMMA = YES;
				CLANG_WARN_CONSTANT_CONVERSION = YES;
				CLANG_WARN_DEPRECATED_OBJC_IMPLEMENTATIONS = YES;
				CLANG_WARN_DIRECT_OBJC_ISA_USAGE = YES_ERROR;
				CLANG_WARN_DOCUMENTATION_COMMENTS = YES;
				CLANG_WARN_EMPTY_BODY = YES;
				CLANG_WARN_ENUM_CONVERSION = YES;
				CLANG_WARN_INFINITE_RECURSION = YES;
				CLANG_WARN_INT_CONVERSION = YES;
				CLANG_WARN_NON_LITERAL_NULL_CONVERSION = YES;
				CLANG_WARN_OBJC_IMPLICIT_RETAIN_SELF = YES;
				CLANG_WARN_OBJC_LITERAL_CONVERSION = YES;
				CLANG_WARN_OBJC_ROOT_CLASS = YES_ERROR;
				CLANG_WARN_QUOTED_INCLUDE_IN_FRAMEWORK_HEADER = YES;
				CLANG_WARN_RANGE_LOOP_ANALYSIS = YES;
				CLANG_WARN_STRICT_PROTOTYPES = YES;
				CLANG_WARN_SUSPICIOUS_MOVE = YES;
				CLANG_WARN_UNGUARDED_AVAILABILITY = YES_AGGRESSIVE;
				CLANG_WARN_UNREACHABLE_CODE = YES;
				CLANG_WARN__DUPLICATE_METHOD_MATCH = YES;
				COPY_PHASE_STRIP = NO;
				DEBUG_INFORMATION_FORMAT = "dwarf-with-dsym";
				ENABLE_NS_ASSERTIONS = NO;
				ENABLE_STRICT_OBJC_MSGSEND = YES;
				GCC_C_LANGUAGE_STANDARD = gnu11;
				GCC_NO_COMMON_BLOCKS = YES;
				GCC_WARN_64_TO_32_BIT_CONVERSION = YES;
				GCC_WARN_ABOUT_RETURN_TYPE = YES_ERROR;
				GCC_WARN_UNDECLARED_SELECTOR = YES;
				GCC_WARN_UNINITIALIZED_AUTOS = YES_AGGRESSIVE;
				GCC_WARN_UNUSED_FUNCTION = YES;
				GCC_WARN_UNUSED_VARIABLE = YES;
				IPHONEOS_DEPLOYMENT_TARGET = 15.5;
				MTL_ENABLE_DEBUG_INFO = NO;
				MTL_FAST_MATH = YES;
				SDKROOT = iphoneos;
				SWIFT_COMPILATION_MODE = wholemodule;
				SWIFT_OPTIMIZATION_LEVEL = "-O";
				VALIDATE_PRODUCT = YES;
			};
			name = Release;
		};
		50B61A8A2878796C0030CC83 /* Debug */ = {
			isa = XCBuildConfiguration;
			buildSettings = {
				ASSETCATALOG_COMPILER_APPICON_NAME = AppIcon;
				ASSETCATALOG_COMPILER_GLOBAL_ACCENT_COLOR_NAME = AccentColor;
				CODE_SIGN_STYLE = Automatic;
				CURRENT_PROJECT_VERSION = 1;
				DEVELOPMENT_ASSET_PATHS = "\"PhantomConnectExample/Preview Content\"";
				DEVELOPMENT_TEAM = V8CHF5249T;
				ENABLE_PREVIEWS = YES;
				GENERATE_INFOPLIST_FILE = YES;
				INFOPLIST_FILE = PhantomConnectExample/Info.plist;
				INFOPLIST_KEY_UIApplicationSceneManifest_Generation = YES;
				INFOPLIST_KEY_UIApplicationSupportsIndirectInputEvents = YES;
				INFOPLIST_KEY_UILaunchScreen_Generation = YES;
				INFOPLIST_KEY_UISupportedInterfaceOrientations_iPad = "UIInterfaceOrientationPortrait UIInterfaceOrientationPortraitUpsideDown UIInterfaceOrientationLandscapeLeft UIInterfaceOrientationLandscapeRight";
				INFOPLIST_KEY_UISupportedInterfaceOrientations_iPhone = "UIInterfaceOrientationPortrait UIInterfaceOrientationLandscapeLeft UIInterfaceOrientationLandscapeRight";
				LD_RUNPATH_SEARCH_PATHS = (
					"$(inherited)",
					"@executable_path/Frameworks",
				);
				MARKETING_VERSION = 1.0;
				PRODUCT_BUNDLE_IDENTIFIER = com.rhove.PhantomConnectExample;
				PRODUCT_NAME = "$(TARGET_NAME)";
				SWIFT_EMIT_LOC_STRINGS = YES;
				SWIFT_VERSION = 5.0;
				TARGETED_DEVICE_FAMILY = "1,2";
			};
			name = Debug;
		};
		50B61A8B2878796C0030CC83 /* Release */ = {
			isa = XCBuildConfiguration;
			buildSettings = {
				ASSETCATALOG_COMPILER_APPICON_NAME = AppIcon;
				ASSETCATALOG_COMPILER_GLOBAL_ACCENT_COLOR_NAME = AccentColor;
				CODE_SIGN_STYLE = Automatic;
				CURRENT_PROJECT_VERSION = 1;
				DEVELOPMENT_ASSET_PATHS = "\"PhantomConnectExample/Preview Content\"";
				DEVELOPMENT_TEAM = V8CHF5249T;
				ENABLE_PREVIEWS = YES;
				GENERATE_INFOPLIST_FILE = YES;
				INFOPLIST_FILE = PhantomConnectExample/Info.plist;
				INFOPLIST_KEY_UIApplicationSceneManifest_Generation = YES;
				INFOPLIST_KEY_UIApplicationSupportsIndirectInputEvents = YES;
				INFOPLIST_KEY_UILaunchScreen_Generation = YES;
				INFOPLIST_KEY_UISupportedInterfaceOrientations_iPad = "UIInterfaceOrientationPortrait UIInterfaceOrientationPortraitUpsideDown UIInterfaceOrientationLandscapeLeft UIInterfaceOrientationLandscapeRight";
				INFOPLIST_KEY_UISupportedInterfaceOrientations_iPhone = "UIInterfaceOrientationPortrait UIInterfaceOrientationLandscapeLeft UIInterfaceOrientationLandscapeRight";
				LD_RUNPATH_SEARCH_PATHS = (
					"$(inherited)",
					"@executable_path/Frameworks",
				);
				MARKETING_VERSION = 1.0;
				PRODUCT_BUNDLE_IDENTIFIER = com.rhove.PhantomConnectExample;
				PRODUCT_NAME = "$(TARGET_NAME)";
				SWIFT_EMIT_LOC_STRINGS = YES;
				SWIFT_VERSION = 5.0;
				TARGETED_DEVICE_FAMILY = "1,2";
			};
			name = Release;
		};
/* End XCBuildConfiguration section */

/* Begin XCConfigurationList section */
		50B61A762878796B0030CC83 /* Build configuration list for PBXProject "PhantomConnectExample" */ = {
			isa = XCConfigurationList;
			buildConfigurations = (
				50B61A872878796C0030CC83 /* Debug */,
				50B61A882878796C0030CC83 /* Release */,
			);
			defaultConfigurationIsVisible = 0;
			defaultConfigurationName = Release;
		};
		50B61A892878796C0030CC83 /* Build configuration list for PBXNativeTarget "PhantomConnectExample" */ = {
			isa = XCConfigurationList;
			buildConfigurations = (
				50B61A8A2878796C0030CC83 /* Debug */,
				50B61A8B2878796C0030CC83 /* Release */,
			);
			defaultConfigurationIsVisible = 0;
			defaultConfigurationName = Release;
		};
/* End XCConfigurationList section */

/* Begin XCSwiftPackageProductDependency section */
		50B61A9028787AAD0030CC83 /* PhantomConnect */ = {
			isa = XCSwiftPackageProductDependency;
			productName = PhantomConnect;
		};
		50B61A9328787AB60030CC83 /* PhantomConnect */ = {
			isa = XCSwiftPackageProductDependency;
			productName = PhantomConnect;
		};
/* End XCSwiftPackageProductDependency section */
	};
	rootObject = 50B61A732878796B0030CC83 /* Project object */;
}
